
Microsoft Visual Studio Solution File, Format Version 12.00
# Visual Studio Version 17
VisualStudioVersion = 17.8.34330.188
MinimumVisualStudioVersion = 10.0.40219.1
Project("{FAE04EC0-301F-11D3-BF4B-00C04F79EFBC}") = "KonsolowaTest", "KonsolowaTest.csproj", "{CC739320-F707-43A9-8971-AB61BD29351D}"
EndProject
Global
	GlobalSection(SolutionConfigurationPlatforms) = preSolution
		Debug|Any CPU = Debug|Any CPU
		Release|Any CPU = Release|Any CPU
	EndGlobalSection
	GlobalSection(ProjectConfigurationPlatforms) = postSolution
		{CC739320-F707-43A9-8971-AB61BD29351D}.Debug|Any CPU.ActiveCfg = Debug|Any CPU
		{CC739320-F707-43A9-8971-AB61BD29351D}.Debug|Any CPU.Build.0 = Debug|Any CPU
		{CC739320-F707-43A9-8971-AB61BD29351D}.Release|Any CPU.ActiveCfg = Release|Any CPU
		{CC739320-F707-43A9-8971-AB61BD29351D}.Release|Any CPU.Build.0 = Release|Any CPU
	EndGlobalSection
	GlobalSection(SolutionProperties) = preSolution
		HideSolutionNode = FALSE
	EndGlobalSection
	GlobalSection(ExtensibilityGlobals) = postSolution
		SolutionGuid = {F79E8716-16F4-4E24-913B-2DE92689FE06}
	EndGlobalSection
EndGlobal
